
Microsoft Visual Studio Solution File, Format Version 12.00
# Visual Studio Version 17
VisualStudioVersion = 17.2.32526.322
MinimumVisualStudioVersion = 10.0.40219.1
Project("{FAE04EC0-301F-11D3-BF4B-00C04F79EFBC}") = "LibraryWPF", "LibraryWPF.csproj", "{613726A4-C8D7-40BC-AC45-1E135B1995CF}"
EndProject
Global
	GlobalSection(SolutionConfigurationPlatforms) = preSolution
		Debug|Any CPU = Debug|Any CPU
		Release|Any CPU = Release|Any CPU
	EndGlobalSection
	GlobalSection(ProjectConfigurationPlatforms) = postSolution
		{613726A4-C8D7-40BC-AC45-1E135B1995CF}.Debug|Any CPU.ActiveCfg = Debug|Any CPU
		{613726A4-C8D7-40BC-AC45-1E135B1995CF}.Debug|Any CPU.Build.0 = Debug|Any CPU
		{613726A4-C8D7-40BC-AC45-1E135B1995CF}.Release|Any CPU.ActiveCfg = Release|Any CPU
		{613726A4-C8D7-40BC-AC45-1E135B1995CF}.Release|Any CPU.Build.0 = Release|Any CPU
	EndGlobalSection
	GlobalSection(SolutionProperties) = preSolution
		HideSolutionNode = FALSE
	EndGlobalSection
	GlobalSection(ExtensibilityGlobals) = postSolution
		SolutionGuid = {AE3BE03B-D697-4AAE-BCA8-939A02D59FA7}
	EndGlobalSection
EndGlobal
